PODS:
  - Flutter (1.0.0)
  - h264 (0.2.1):
    - Flutter
  - integration_test (0.0.1):
    - Flutter
  - path_provider (0.0.1):
    - Flutter

DEPENDENCIES:
  - Flutter (from `Flutter`)
  - h264 (from `.symlinks/plugins/h264/ios`)
  - integration_test (from `.symlinks/plugins/integration_test/ios`)
  - path_provider (from `.symlinks/plugins/path_provider/ios`)

EXTERNAL SOURCES:
  Flutter:
    :path: Flutter
  h264:
    :path: ".symlinks/plugins/h264/ios"
  integration_test:
    :path: ".symlinks/plugins/integration_test/ios"
  path_provider:
    :path: ".symlinks/plugins/path_provider/ios"

SPEC CHECKSUMS:
  Flutter: 434fef37c0980e73bb6479ef766c45957d4b510c
  h264: 9be973058eb379b379e5d13d94c902d69b437b1d
  integration_test: 6eb66a19f7104200dcfdd62bc0077e1b09686e4f
  path_provider: abfe2b5c733d04e238b0d8691db0cfd63a27a93c

PODFILE CHECKSUM: 8e679eca47255a8ca8067c4c67aab20e64cb974d

COCOAPODS: 1.10.1
